
Microsoft Visual Studio Solution File, Format Version 12.00
# Visual Studio 15
VisualStudioVersion = 15.0.27703.2047
MinimumVisualStudioVersion = 10.0.40219.1
Project("{FAE04EC0-301F-11D3-BF4B-00C04F79EFBC}") = "Anac.Doman", "Anac.Doman\Anac.Doman.csproj", "{69F95DA3-A7CB-4044-B9F8-E3988D57E629}"
EndProject
Project("{FAE04EC0-301F-11D3-BF4B-00C04F79EFBC}") = "Anac.DataModel", "Anac.DataModel\Anac.DataModel.csproj", "{8FEB59DC-DD1D-4B50-83B0-4D7993D18040}"
EndProject
Project("{FAE04EC0-301F-11D3-BF4B-00C04F79EFBC}") = "Anac.DataModelEdmx", "Anac.DataModelEdmx\Anac.DataModelEdmx.csproj", "{3221E27B-70E6-46F4-87E4-31384AA98ACF}"
EndProject
Project("{FAE04EC0-301F-11D3-BF4B-00C04F79EFBC}") = "Anac.CodeModelFromDb", "Anac.CodeModelFromDb\Anac.CodeModelFromDb.csproj", "{AF9135C8-6E41-438D-91D3-3CB67B8FE94E}"
EndProject
Project("{FAE04EC0-301F-11D3-BF4B-00C04F79EFBC}") = "Anac.ConsoleApp", "Anac.ConsoleApp\Anac.ConsoleApp.csproj", "{1F441535-74C9-4D39-8C3B-ACA7D288B1BE}"
EndProject
Global
	GlobalSection(SolutionConfigurationPlatforms) = preSolution
		Debug|Any CPU = Debug|Any CPU
		Release|Any CPU = Release|Any CPU
	EndGlobalSection
	GlobalSection(ProjectConfigurationPlatforms) = postSolution
		{69F95DA3-A7CB-4044-B9F8-E3988D57E629}.Debug|Any CPU.ActiveCfg = Debug|Any CPU
		{69F95DA3-A7CB-4044-B9F8-E3988D57E629}.Debug|Any CPU.Build.0 = Debug|Any CPU
		{69F95DA3-A7CB-4044-B9F8-E3988D57E629}.Release|Any CPU.ActiveCfg = Release|Any CPU
		{69F95DA3-A7CB-4044-B9F8-E3988D57E629}.Release|Any CPU.Build.0 = Release|Any CPU
		{8FEB59DC-DD1D-4B50-83B0-4D7993D18040}.Debug|Any CPU.ActiveCfg = Debug|Any CPU
		{8FEB59DC-DD1D-4B50-83B0-4D7993D18040}.Debug|Any CPU.Build.0 = Debug|Any CPU
		{8FEB59DC-DD1D-4B50-83B0-4D7993D18040}.Release|Any CPU.ActiveCfg = Release|Any CPU
		{8FEB59DC-DD1D-4B50-83B0-4D7993D18040}.Release|Any CPU.Build.0 = Release|Any CPU
		{3221E27B-70E6-46F4-87E4-31384AA98ACF}.Debug|Any CPU.ActiveCfg = Debug|Any CPU
		{3221E27B-70E6-46F4-87E4-31384AA98ACF}.Debug|Any CPU.Build.0 = Debug|Any CPU
		{3221E27B-70E6-46F4-87E4-31384AA98ACF}.Release|Any CPU.ActiveCfg = Release|Any CPU
		{3221E27B-70E6-46F4-87E4-31384AA98ACF}.Release|Any CPU.Build.0 = Release|Any CPU
		{AF9135C8-6E41-438D-91D3-3CB67B8FE94E}.Debug|Any CPU.ActiveCfg = Debug|Any CPU
		{AF9135C8-6E41-438D-91D3-3CB67B8FE94E}.Debug|Any CPU.Build.0 = Debug|Any CPU
		{AF9135C8-6E41-438D-91D3-3CB67B8FE94E}.Release|Any CPU.ActiveCfg = Release|Any CPU
		{AF9135C8-6E41-438D-91D3-3CB67B8FE94E}.Release|Any CPU.Build.0 = Release|Any CPU
		{1F441535-74C9-4D39-8C3B-ACA7D288B1BE}.Debug|Any CPU.ActiveCfg = Debug|Any CPU
		{1F441535-74C9-4D39-8C3B-ACA7D288B1BE}.Debug|Any CPU.Build.0 = Debug|Any CPU
		{1F441535-74C9-4D39-8C3B-ACA7D288B1BE}.Release|Any CPU.ActiveCfg = Release|Any CPU
		{1F441535-74C9-4D39-8C3B-ACA7D288B1BE}.Release|Any CPU.Build.0 = Release|Any CPU
	EndGlobalSection
	GlobalSection(SolutionProperties) = preSolution
		HideSolutionNode = FALSE
	EndGlobalSection
	GlobalSection(ExtensibilityGlobals) = postSolution
		SolutionGuid = {BF2727C0-D236-4C98-B3D8-806B1BF36BD8}
	EndGlobalSection
EndGlobal
